// !$*UTF8*$!
{
	archiveVersion = 1;
	classes = {
	};
	objectVersion = 46;
	objects = {

/* Begin PBXBuildFile section */
		2B6961411D71D9F9009C52CD /* NewRecipeVC.swift in Sources */ = {isa = PBXBuildFile; fileRef = 2B6961401D71D9F9009C52CD /* NewRecipeVC.swift */; };
		2BD00EAC1D72FFB700D34E65 /* NewRecipeNavBarVC.swift in Sources */ = {isa = PBXBuildFile; fileRef = 2BD00EAB1D72FFB700D34E65 /* NewRecipeNavBarVC.swift */; };
		2BD609A91D783EBC00EEA826 /* Recipe.swift in Sources */ = {isa = PBXBuildFile; fileRef = 2BD609A81D783EBC00EEA826 /* Recipe.swift */; };
		2BD609AE1D79743200EEA826 /* NoPasteTextField.swift in Sources */ = {isa = PBXBuildFile; fileRef = 2BD609AD1D79743200EEA826 /* NoPasteTextField.swift */; };
		2BD609B31D798C1700EEA826 /* ViewRecipePrivateVC.swift in Sources */ = {isa = PBXBuildFile; fileRef = 2BD609B21D798C1700EEA826 /* ViewRecipePrivateVC.swift */; };
		2BD609B51D798C5E00EEA826 /* ViewRecipeNavBarVC.swift in Sources */ = {isa = PBXBuildFile; fileRef = 2BD609B41D798C5E00EEA826 /* ViewRecipeNavBarVC.swift */; };
		2BD609D71D7B026C00EEA826 /* LucidaGrande.ttc in Resources */ = {isa = PBXBuildFile; fileRef = 2BD609D61D7B026C00EEA826 /* LucidaGrande.ttc */; };
		2BD609DB1D7B055C00EEA826 /* ResetPassVC.swift in Sources */ = {isa = PBXBuildFile; fileRef = 2BD609DA1D7B055C00EEA826 /* ResetPassVC.swift */; };
		642F54D81D7CBD8A000ED2B4 /* ProfileVC.swift in Sources */ = {isa = PBXBuildFile; fileRef = 642F54D71D7CBD8A000ED2B4 /* ProfileVC.swift */; };
		642F54DB1D7CBDCC000ED2B4 /* ProfileHeaderView.swift in Sources */ = {isa = PBXBuildFile; fileRef = 642F54DA1D7CBDCC000ED2B4 /* ProfileHeaderView.swift */; };
		642F54DD1D7CE225000ED2B4 /* pictureCell.swift in Sources */ = {isa = PBXBuildFile; fileRef = 642F54DC1D7CE225000ED2B4 /* pictureCell.swift */; };
		6437C1081D7C4C0A002D01F4 /* AudioToolbox.framework in Frameworks */ = {isa = PBXBuildFile; fileRef = 6437C0FE1D7C4C0A002D01F4 /* AudioToolbox.framework */; };
		6437C1091D7C4C0A002D01F4 /* CFNetwork.framework in Frameworks */ = {isa = PBXBuildFile; fileRef = 6437C0FF1D7C4C0A002D01F4 /* CFNetwork.framework */; };
		6437C10A1D7C4C0A002D01F4 /* CoreGraphics.framework in Frameworks */ = {isa = PBXBuildFile; fileRef = 6437C1001D7C4C0A002D01F4 /* CoreGraphics.framework */; };
		6437C10B1D7C4C0A002D01F4 /* CoreLocation.framework in Frameworks */ = {isa = PBXBuildFile; fileRef = 6437C1011D7C4C0A002D01F4 /* CoreLocation.framework */; };
		6437C10C1D7C4C0A002D01F4 /* libsqlite3.tbd in Frameworks */ = {isa = PBXBuildFile; fileRef = 6437C1021D7C4C0A002D01F4 /* libsqlite3.tbd */; };
		6437C10D1D7C4C0A002D01F4 /* libz.tbd in Frameworks */ = {isa = PBXBuildFile; fileRef = 6437C1031D7C4C0A002D01F4 /* libz.tbd */; };
		6437C10E1D7C4C0A002D01F4 /* QuartzCore.framework in Frameworks */ = {isa = PBXBuildFile; fileRef = 6437C1041D7C4C0A002D01F4 /* QuartzCore.framework */; };
		6437C10F1D7C4C0A002D01F4 /* Security.framework in Frameworks */ = {isa = PBXBuildFile; fileRef = 6437C1051D7C4C0A002D01F4 /* Security.framework */; };
		6437C1101D7C4C0A002D01F4 /* StoreKit.framework in Frameworks */ = {isa = PBXBuildFile; fileRef = 6437C1061D7C4C0A002D01F4 /* StoreKit.framework */; };
		6437C1111D7C4C0A002D01F4 /* SystemConfiguration.framework in Frameworks */ = {isa = PBXBuildFile; fileRef = 6437C1071D7C4C0A002D01F4 /* SystemConfiguration.framework */; };
		64672EED1D7B829F000D0762 /* SignUpVC.swift in Sources */ = {isa = PBXBuildFile; fileRef = 64672EEC1D7B829F000D0762 /* SignUpVC.swift */; };
		647A29461D7DB00100A49A6B /* GuestVC.swift in Sources */ = {isa = PBXBuildFile; fileRef = 647A29451D7DB00100A49A6B /* GuestVC.swift */; };
		648AC2421D9B3039007C4F22 /* ViewRecipePublicSeg2.swift in Sources */ = {isa = PBXBuildFile; fileRef = 648AC2411D9B3039007C4F22 /* ViewRecipePublicSeg2.swift */; };
		64AF2C2E1D7C4DBF00199810 /* Bolts.framework in Frameworks */ = {isa = PBXBuildFile; fileRef = 64AF2C2D1D7C4DBF00199810 /* Bolts.framework */; };
		64AF2C301D7C4DC600199810 /* Parse.framework in Frameworks */ = {isa = PBXBuildFile; fileRef = 64AF2C2F1D7C4DC600199810 /* Parse.framework */; };
		64B9C8A71D6F00590061D601 /* AppDelegate.swift in Sources */ = {isa = PBXBuildFile; fileRef = 64B9C8A61D6F00590061D601 /* AppDelegate.swift */; };
		64B9C8A91D6F00590061D601 /* LoginVC.swift in Sources */ = {isa = PBXBuildFile; fileRef = 64B9C8A81D6F00590061D601 /* LoginVC.swift */; };
		64B9C8AC1D6F00590061D601 /* Main.storyboard in Resources */ = {isa = PBXBuildFile; fileRef = 64B9C8AA1D6F00590061D601 /* Main.storyboard */; };
		64B9C8AE1D6F00590061D601 /* Assets.xcassets in Resources */ = {isa = PBXBuildFile; fileRef = 64B9C8AD1D6F00590061D601 /* Assets.xcassets */; };
		64B9C8B11D6F00590061D601 /* LaunchScreen.storyboard in Resources */ = {isa = PBXBuildFile; fileRef = 64B9C8AF1D6F00590061D601 /* LaunchScreen.storyboard */; };
		64B9C8B91D6F05050061D601 /* AdobeGothicStd-Bold.otf in Resources */ = {isa = PBXBuildFile; fileRef = 64B9C8B81D6F05050061D601 /* AdobeGothicStd-Bold.otf */; };
		64B9C8BB1D6F07BB0061D601 /* AppleGothic.ttf in Resources */ = {isa = PBXBuildFile; fileRef = 64B9C8BA1D6F07BB0061D601 /* AppleGothic.ttf */; };
		64B9C8BF1D6F56510061D601 /* RecipeHomeVC.swift in Sources */ = {isa = PBXBuildFile; fileRef = 64B9C8BE1D6F56510061D601 /* RecipeHomeVC.swift */; };
		64B9C8C51D6F5FE90061D601 /* NavBarVC.swift in Sources */ = {isa = PBXBuildFile; fileRef = 64B9C8C41D6F5FE90061D601 /* NavBarVC.swift */; };
		64BC16171D821B97000510D8 /* RecipeFeedVC.swift in Sources */ = {isa = PBXBuildFile; fileRef = 64BC16161D821B97000510D8 /* RecipeFeedVC.swift */; };
		64D569F61D84915F0093AE8A /* ViewRecipePublicVC.swift in Sources */ = {isa = PBXBuildFile; fileRef = 64D569F51D84915F0093AE8A /* ViewRecipePublicVC.swift */; };
		64E734941D7F88D90084A59A /* EditProfileNavBarVC.swift in Sources */ = {isa = PBXBuildFile; fileRef = 64E734931D7F88D90084A59A /* EditProfileNavBarVC.swift */; };
		64E734961D7F89400084A59A /* EditProfileVC.swift in Sources */ = {isa = PBXBuildFile; fileRef = 64E734951D7F89400084A59A /* EditProfileVC.swift */; };
		64F3C9E31D86C93600ABBDBF /* FontAwesome.otf in Resources */ = {isa = PBXBuildFile; fileRef = 64F3C9E21D86C93600ABBDBF /* FontAwesome.otf */; };
		64F9A0911D7D786E0097CF7F /* FollowersVC.swift in Sources */ = {isa = PBXBuildFile; fileRef = 64F9A0901D7D786E0097CF7F /* FollowersVC.swift */; };
		64F9A0931D7D78820097CF7F /* FollowersCell.swift in Sources */ = {isa = PBXBuildFile; fileRef = 64F9A0921D7D78820097CF7F /* FollowersCell.swift */; };
		64F9A0951D7D810F0097CF7F /* ProfileNavBarVC.swift in Sources */ = {isa = PBXBuildFile; fileRef = 64F9A0941D7D810F0097CF7F /* ProfileNavBarVC.swift */; };
		64FB2E801D70C1A2004647F5 /* MyCellTableViewCell.swift in Sources */ = {isa = PBXBuildFile; fileRef = 64FB2E7F1D70C1A2004647F5 /* MyCellTableViewCell.swift */; };
		F315E5D51E261F5400A67927 /* RatingControl.swift in Sources */ = {isa = PBXBuildFile; fileRef = F315E5D41E261F5400A67927 /* RatingControl.swift */; };
		F315E5D71E26B9EB00A67927 /* ionicons.ttf in Resources */ = {isa = PBXBuildFile; fileRef = F315E5D61E26B9EB00A67927 /* ionicons.ttf */; };
		F315E5D91E26CAB400A67927 /* NewViewRecipeVC.swift in Sources */ = {isa = PBXBuildFile; fileRef = F315E5D81E26CAB400A67927 /* NewViewRecipeVC.swift */; };
		F34489B41E732A9C00B1D425 /* ReviewCell.swift in Sources */ = {isa = PBXBuildFile; fileRef = F34489B31E732A9C00B1D425 /* ReviewCell.swift */; };
		F375C7821E20FBC7008884B2 /* NewProfileHeaderView.swift in Sources */ = {isa = PBXBuildFile; fileRef = F375C7811E20FBC7008884B2 /* NewProfileHeaderView.swift */; };
		F375C7841E20FBEB008884B2 /* NewProfileVC.swift in Sources */ = {isa = PBXBuildFile; fileRef = F375C7831E20FBEB008884B2 /* NewProfileVC.swift */; };
		F375C7861E21B87B008884B2 /* NavigationViewController.swift in Sources */ = {isa = PBXBuildFile; fileRef = F375C7851E21B87B008884B2 /* NavigationViewController.swift */; };
		F375C7C21E2290D8008884B2 /* TabBar.swift in Sources */ = {isa = PBXBuildFile; fileRef = F375C7C11E2290D8008884B2 /* TabBar.swift */; };
		F3F359EC1E6C6C8C0055F5DC /* NewGuestVC.swift in Sources */ = {isa = PBXBuildFile; fileRef = F3F359EB1E6C6C8C0055F5DC /* NewGuestVC.swift */; };
		F3F359EE1E6C72250055F5DC /* NewGuestHeaderView.swift in Sources */ = {isa = PBXBuildFile; fileRef = F3F359ED1E6C72250055F5DC /* NewGuestHeaderView.swift */; };
/* End PBXBuildFile section */

/* Begin PBXFileReference section */
		2B6961401D71D9F9009C52CD /* NewRecipeVC.swift */ = {isa = PBXFileReference; fileEncoding = 4; lastKnownFileType = sourcecode.swift; path = NewRecipeVC.swift; sourceTree = "<group>"; };
		2BD00EAB1D72FFB700D34E65 /* NewRecipeNavBarVC.swift */ = {isa = PBXFileReference; fileEncoding = 4; lastKnownFileType = sourcecode.swift; path = NewRecipeNavBarVC.swift; sourceTree = "<group>"; };
		2BD609A81D783EBC00EEA826 /* Recipe.swift */ = {isa = PBXFileReference; fileEncoding = 4; lastKnownFileType = sourcecode.swift; path = Recipe.swift; sourceTree = "<group>"; };
		2BD609AD1D79743200EEA826 /* NoPasteTextField.swift */ = {isa = PBXFileReference; fileEncoding = 4; lastKnownFileType = sourcecode.swift; path = NoPasteTextField.swift; sourceTree = "<group>"; };
		2BD609B21D798C1700EEA826 /* ViewRecipePrivateVC.swift */ = {isa = PBXFileReference; fileEncoding = 4; lastKnownFileType = sourcecode.swift; path = ViewRecipePrivateVC.swift; sourceTree = "<group>"; };
		2BD609B41D798C5E00EEA826 /* ViewRecipeNavBarVC.swift */ = {isa = PBXFileReference; fileEncoding = 4; lastKnownFileType = sourcecode.swift; path = ViewRecipeNavBarVC.swift; sourceTree = "<group>"; };
		2BD609D61D7B026C00EEA826 /* LucidaGrande.ttc */ = {isa = PBXFileReference; lastKnownFileType = file; path = LucidaGrande.ttc; sourceTree = "<group>"; };
		2BD609DA1D7B055C00EEA826 /* ResetPassVC.swift */ = {isa = PBXFileReference; fileEncoding = 4; lastKnownFileType = sourcecode.swift; path = ResetPassVC.swift; sourceTree = "<group>"; };
		642F54D71D7CBD8A000ED2B4 /* ProfileVC.swift */ = {isa = PBXFileReference; fileEncoding = 4; lastKnownFileType = sourcecode.swift; path = ProfileVC.swift; sourceTree = "<group>"; };
		642F54DA1D7CBDCC000ED2B4 /* ProfileHeaderView.swift */ = {isa = PBXFileReference; fileEncoding = 4; lastKnownFileType = sourcecode.swift; path = ProfileHeaderView.swift; sourceTree = "<group>"; };
		642F54DC1D7CE225000ED2B4 /* pictureCell.swift */ = {isa = PBXFileReference; fileEncoding = 4; lastKnownFileType = sourcecode.swift; path = pictureCell.swift; sourceTree = "<group>"; };
		6437C0FE1D7C4C0A002D01F4 /* AudioToolbox.framework */ = {isa = PBXFileReference; lastKnownFileType = wrapper.framework; name = AudioToolbox.framework; path = System/Library/Frameworks/AudioToolbox.framework; sourceTree = SDKROOT; };
		6437C0FF1D7C4C0A002D01F4 /* CFNetwork.framework */ = {isa = PBXFileReference; lastKnownFileType = wrapper.framework; name = CFNetwork.framework; path = System/Library/Frameworks/CFNetwork.framework; sourceTree = SDKROOT; };
		6437C1001D7C4C0A002D01F4 /* CoreGraphics.framework */ = {isa = PBXFileReference; lastKnownFileType = wrapper.framework; name = CoreGraphics.framework; path = System/Library/Frameworks/CoreGraphics.framework; sourceTree = SDKROOT; };
		6437C1011D7C4C0A002D01F4 /* CoreLocation.framework */ = {isa = PBXFileReference; lastKnownFileType = wrapper.framework; name = CoreLocation.framework; path = System/Library/Frameworks/CoreLocation.framework; sourceTree = SDKROOT; };
		6437C1021D7C4C0A002D01F4 /* libsqlite3.tbd */ = {isa = PBXFileReference; lastKnownFileType = "sourcecode.text-based-dylib-definition"; name = libsqlite3.tbd; path = usr/lib/libsqlite3.tbd; sourceTree = SDKROOT; };
		6437C1031D7C4C0A002D01F4 /* libz.tbd */ = {isa = PBXFileReference; lastKnownFileType = "sourcecode.text-based-dylib-definition"; name = libz.tbd; path = usr/lib/libz.tbd; sourceTree = SDKROOT; };
		6437C1041D7C4C0A002D01F4 /* QuartzCore.framework */ = {isa = PBXFileReference; lastKnownFileType = wrapper.framework; name = QuartzCore.framework; path = System/Library/Frameworks/QuartzCore.framework; sourceTree = SDKROOT; };
		6437C1051D7C4C0A002D01F4 /* Security.framework */ = {isa = PBXFileReference; lastKnownFileType = wrapper.framework; name = Security.framework; path = System/Library/Frameworks/Security.framework; sourceTree = SDKROOT; };
		6437C1061D7C4C0A002D01F4 /* StoreKit.framework */ = {isa = PBXFileReference; lastKnownFileType = wrapper.framework; name = StoreKit.framework; path = System/Library/Frameworks/StoreKit.framework; sourceTree = SDKROOT; };
		6437C1071D7C4C0A002D01F4 /* SystemConfiguration.framework */ = {isa = PBXFileReference; lastKnownFileType = wrapper.framework; name = SystemConfiguration.framework; path = System/Library/Frameworks/SystemConfiguration.framework; sourceTree = SDKROOT; };
		64672EEC1D7B829F000D0762 /* SignUpVC.swift */ = {isa = PBXFileReference; fileEncoding = 4; lastKnownFileType = sourcecode.swift; path = SignUpVC.swift; sourceTree = "<group>"; };
		647A29451D7DB00100A49A6B /* GuestVC.swift */ = {isa = PBXFileReference; fileEncoding = 4; lastKnownFileType = sourcecode.swift; path = GuestVC.swift; sourceTree = "<group>"; };
		648AC2411D9B3039007C4F22 /* ViewRecipePublicSeg2.swift */ = {isa = PBXFileReference; fileEncoding = 4; lastKnownFileType = sourcecode.swift; path = ViewRecipePublicSeg2.swift; sourceTree = "<group>"; };
		64AF2C2D1D7C4DBF00199810 /* Bolts.framework */ = {isa = PBXFileReference; lastKnownFileType = wrapper.framework; path = Bolts.framework; sourceTree = "<group>"; };
		64AF2C2F1D7C4DC600199810 /* Parse.framework */ = {isa = PBXFileReference; lastKnownFileType = wrapper.framework; path = Parse.framework; sourceTree = "<group>"; };
		64B9C8A31D6F00590061D601 /* CookBook.app */ = {isa = PBXFileReference; explicitFileType = wrapper.application; includeInIndex = 0; path = CookBook.app; sourceTree = BUILT_PRODUCTS_DIR; };
		64B9C8A61D6F00590061D601 /* AppDelegate.swift */ = {isa = PBXFileReference; lastKnownFileType = sourcecode.swift; path = AppDelegate.swift; sourceTree = "<group>"; };
		64B9C8A81D6F00590061D601 /* LoginVC.swift */ = {isa = PBXFileReference; lastKnownFileType = sourcecode.swift; path = LoginVC.swift; sourceTree = "<group>"; };
		64B9C8AB1D6F00590061D601 /* Base */ = {isa = PBXFileReference; lastKnownFileType = file.storyboard; name = Base; path = Base.lproj/Main.storyboard; sourceTree = "<group>"; };
		64B9C8AD1D6F00590061D601 /* Assets.xcassets */ = {isa = PBXFileReference; lastKnownFileType = folder.assetcatalog; name = Assets.xcassets; path = CookBook/Assets.xcassets; sourceTree = "<group>"; };
		64B9C8B01D6F00590061D601 /* Base */ = {isa = PBXFileReference; lastKnownFileType = file.storyboard; name = Base; path = Base.lproj/LaunchScreen.storyboard; sourceTree = "<group>"; };
		64B9C8B21D6F00590061D601 /* Info.plist */ = {isa = PBXFileReference; lastKnownFileType = text.plist.xml; path = Info.plist; sourceTree = "<group>"; };
		64B9C8B81D6F05050061D601 /* AdobeGothicStd-Bold.otf */ = {isa = PBXFileReference; lastKnownFileType = file; path = "AdobeGothicStd-Bold.otf"; sourceTree = "<group>"; };
		64B9C8BA1D6F07BB0061D601 /* AppleGothic.ttf */ = {isa = PBXFileReference; lastKnownFileType = file; path = AppleGothic.ttf; sourceTree = "<group>"; };
		64B9C8BE1D6F56510061D601 /* RecipeHomeVC.swift */ = {isa = PBXFileReference; fileEncoding = 4; lastKnownFileType = sourcecode.swift; path = RecipeHomeVC.swift; sourceTree = "<group>"; };
		64B9C8C41D6F5FE90061D601 /* NavBarVC.swift */ = {isa = PBXFileReference; fileEncoding = 4; lastKnownFileType = sourcecode.swift; path = NavBarVC.swift; sourceTree = "<group>"; };
		64BC16151D814ADC000510D8 /* CookBook.entitlements */ = {isa = PBXFileReference; lastKnownFileType = text.plist.entitlements; path = CookBook.entitlements; sourceTree = "<group>"; };
		64BC16161D821B97000510D8 /* RecipeFeedVC.swift */ = {isa = PBXFileReference; fileEncoding = 4; lastKnownFileType = sourcecode.swift; path = RecipeFeedVC.swift; sourceTree = "<group>"; };
		64D569F51D84915F0093AE8A /* ViewRecipePublicVC.swift */ = {isa = PBXFileReference; fileEncoding = 4; lastKnownFileType = sourcecode.swift; path = ViewRecipePublicVC.swift; sourceTree = "<group>"; };
		64E734931D7F88D90084A59A /* EditProfileNavBarVC.swift */ = {isa = PBXFileReference; fileEncoding = 4; lastKnownFileType = sourcecode.swift; name = EditProfileNavBarVC.swift; path = ../EditProfileNavBarVC.swift; sourceTree = "<group>"; };
		64E734951D7F89400084A59A /* EditProfileVC.swift */ = {isa = PBXFileReference; fileEncoding = 4; lastKnownFileType = sourcecode.swift; path = EditProfileVC.swift; sourceTree = "<group>"; };
		64F3C9E21D86C93600ABBDBF /* FontAwesome.otf */ = {isa = PBXFileReference; lastKnownFileType = file; path = FontAwesome.otf; sourceTree = "<group>"; };
		64F9A0901D7D786E0097CF7F /* FollowersVC.swift */ = {isa = PBXFileReference; fileEncoding = 4; lastKnownFileType = sourcecode.swift; path = FollowersVC.swift; sourceTree = "<group>"; };
		64F9A0921D7D78820097CF7F /* FollowersCell.swift */ = {isa = PBXFileReference; fileEncoding = 4; lastKnownFileType = sourcecode.swift; path = FollowersCell.swift; sourceTree = "<group>"; };
		64F9A0941D7D810F0097CF7F /* ProfileNavBarVC.swift */ = {isa = PBXFileReference; fileEncoding = 4; lastKnownFileType = sourcecode.swift; path = ProfileNavBarVC.swift; sourceTree = "<group>"; };
		64FB2E7F1D70C1A2004647F5 /* MyCellTableViewCell.swift */ = {isa = PBXFileReference; fileEncoding = 4; lastKnownFileType = sourcecode.swift; path = MyCellTableViewCell.swift; sourceTree = "<group>"; };
		F315E5D41E261F5400A67927 /* RatingControl.swift */ = {isa = PBXFileReference; fileEncoding = 4; lastKnownFileType = sourcecode.swift; path = RatingControl.swift; sourceTree = "<group>"; };
		F315E5D61E26B9EB00A67927 /* ionicons.ttf */ = {isa = PBXFileReference; lastKnownFileType = file; path = ionicons.ttf; sourceTree = "<group>"; };
		F315E5D81E26CAB400A67927 /* NewViewRecipeVC.swift */ = {isa = PBXFileReference; fileEncoding = 4; lastKnownFileType = sourcecode.swift; name = NewViewRecipeVC.swift; path = ../NewViewRecipeVC.swift; sourceTree = "<group>"; };
		F34489B31E732A9C00B1D425 /* ReviewCell.swift */ = {isa = PBXFileReference; fileEncoding = 4; lastKnownFileType = sourcecode.swift; path = ReviewCell.swift; sourceTree = "<group>"; };
		F375C7811E20FBC7008884B2 /* NewProfileHeaderView.swift */ = {isa = PBXFileReference; fileEncoding = 4; lastKnownFileType = sourcecode.swift; path = NewProfileHeaderView.swift; sourceTree = "<group>"; };
		F375C7831E20FBEB008884B2 /* NewProfileVC.swift */ = {isa = PBXFileReference; fileEncoding = 4; lastKnownFileType = sourcecode.swift; path = NewProfileVC.swift; sourceTree = "<group>"; };
		F375C7851E21B87B008884B2 /* NavigationViewController.swift */ = {isa = PBXFileReference; fileEncoding = 4; lastKnownFileType = sourcecode.swift; path = NavigationViewController.swift; sourceTree = "<group>"; };
		F375C7C11E2290D8008884B2 /* TabBar.swift */ = {isa = PBXFileReference; fileEncoding = 4; lastKnownFileType = sourcecode.swift; path = TabBar.swift; sourceTree = "<group>"; };
		F3F359EB1E6C6C8C0055F5DC /* NewGuestVC.swift */ = {isa = PBXFileReference; fileEncoding = 4; lastKnownFileType = sourcecode.swift; path = NewGuestVC.swift; sourceTree = "<group>"; };
		F3F359ED1E6C72250055F5DC /* NewGuestHeaderView.swift */ = {isa = PBXFileReference; fileEncoding = 4; lastKnownFileType = sourcecode.swift; path = NewGuestHeaderView.swift; sourceTree = "<group>"; };
/* End PBXFileReference section */

/* Begin PBXFrameworksBuildPhase section */
		64B9C8A01D6F00590061D601 /* Frameworks */ = {
			isa = PBXFrameworksBuildPhase;
			buildActionMask = 2147483647;
			files = (
				6437C1081D7C4C0A002D01F4 /* AudioToolbox.framework in Frameworks */,
				6437C1091D7C4C0A002D01F4 /* CFNetwork.framework in Frameworks */,
				6437C10A1D7C4C0A002D01F4 /* CoreGraphics.framework in Frameworks */,
				6437C10B1D7C4C0A002D01F4 /* CoreLocation.framework in Frameworks */,
				6437C10C1D7C4C0A002D01F4 /* libsqlite3.tbd in Frameworks */,
				6437C10D1D7C4C0A002D01F4 /* libz.tbd in Frameworks */,
				6437C10E1D7C4C0A002D01F4 /* QuartzCore.framework in Frameworks */,
				6437C10F1D7C4C0A002D01F4 /* Security.framework in Frameworks */,
				64AF2C2E1D7C4DBF00199810 /* Bolts.framework in Frameworks */,
				6437C1101D7C4C0A002D01F4 /* StoreKit.framework in Frameworks */,
				64AF2C301D7C4DC600199810 /* Parse.framework in Frameworks */,
				6437C1111D7C4C0A002D01F4 /* SystemConfiguration.framework in Frameworks */,
			);
			runOnlyForDeploymentPostprocessing = 0;
		};
/* End PBXFrameworksBuildPhase section */

/* Begin PBXGroup section */
		2BD609AA1D783ED500EEA826 /* View Controllers */ = {
			isa = PBXGroup;
			children = (
				64B9C8AA1D6F00590061D601 /* Main.storyboard */,
				642F54D91D7CBD99000ED2B4 /* Login Controllers */,
				64B9C8BE1D6F56510061D601 /* RecipeHomeVC.swift */,
				64BC16161D821B97000510D8 /* RecipeFeedVC.swift */,
				2B6961401D71D9F9009C52CD /* NewRecipeVC.swift */,
				F315E5D81E26CAB400A67927 /* NewViewRecipeVC.swift */,
				F375C7831E20FBEB008884B2 /* NewProfileVC.swift */,
				64E734951D7F89400084A59A /* EditProfileVC.swift */,
				F3F359EB1E6C6C8C0055F5DC /* NewGuestVC.swift */,
				64F9A0901D7D786E0097CF7F /* FollowersVC.swift */,
			);
			name = "View Controllers";
			sourceTree = "<group>";
		};
		2BD609AB1D783EEF00EEA826 /* Navigation Bars */ = {
			isa = PBXGroup;
			children = (
				F375C7851E21B87B008884B2 /* NavigationViewController.swift */,
			);
			name = "Navigation Bars";
			sourceTree = "<group>";
		};
		2BD609AC1D783F1D00EEA826 /* Support Files */ = {
			isa = PBXGroup;
			children = (
				64B9C8A61D6F00590061D601 /* AppDelegate.swift */,
				64B9C8AF1D6F00590061D601 /* LaunchScreen.storyboard */,
				64B9C8B21D6F00590061D601 /* Info.plist */,
				2BD609D61D7B026C00EEA826 /* LucidaGrande.ttc */,
				64B9C8B81D6F05050061D601 /* AdobeGothicStd-Bold.otf */,
				64B9C8BA1D6F07BB0061D601 /* AppleGothic.ttf */,
				64F3C9E21D86C93600ABBDBF /* FontAwesome.otf */,
				F315E5D61E26B9EB00A67927 /* ionicons.ttf */,
			);
			name = "Support Files";
			sourceTree = "<group>";
		};
		2BD609AF1D79757200EEA826 /* Custom Files */ = {
			isa = PBXGroup;
			children = (
				F375C7C11E2290D8008884B2 /* TabBar.swift */,
				F315E5D41E261F5400A67927 /* RatingControl.swift */,
				64F9A0921D7D78820097CF7F /* FollowersCell.swift */,
				F34489B31E732A9C00B1D425 /* ReviewCell.swift */,
				642F54DC1D7CE225000ED2B4 /* pictureCell.swift */,
				F375C7811E20FBC7008884B2 /* NewProfileHeaderView.swift */,
				F3F359ED1E6C72250055F5DC /* NewGuestHeaderView.swift */,
				2BD609A81D783EBC00EEA826 /* Recipe.swift */,
				64FB2E7F1D70C1A2004647F5 /* MyCellTableViewCell.swift */,
				2BD609AD1D79743200EEA826 /* NoPasteTextField.swift */,
			);
			name = "Custom Files";
			sourceTree = "<group>";
		};
		642F54D91D7CBD99000ED2B4 /* Login Controllers */ = {
			isa = PBXGroup;
			children = (
				64B9C8A81D6F00590061D601 /* LoginVC.swift */,
				64672EEC1D7B829F000D0762 /* SignUpVC.swift */,
				2BD609DA1D7B055C00EEA826 /* ResetPassVC.swift */,
			);
			name = "Login Controllers";
			sourceTree = "<group>";
		};
		6437C0FD1D7C4C0A002D01F4 /* Frameworks */ = {
			isa = PBXGroup;
			children = (
				64AF2C2F1D7C4DC600199810 /* Parse.framework */,
				64AF2C2D1D7C4DBF00199810 /* Bolts.framework */,
				6437C0FE1D7C4C0A002D01F4 /* AudioToolbox.framework */,
				6437C0FF1D7C4C0A002D01F4 /* CFNetwork.framework */,
				6437C1001D7C4C0A002D01F4 /* CoreGraphics.framework */,
				6437C1011D7C4C0A002D01F4 /* CoreLocation.framework */,
				6437C1021D7C4C0A002D01F4 /* libsqlite3.tbd */,
				6437C1031D7C4C0A002D01F4 /* libz.tbd */,
				6437C1041D7C4C0A002D01F4 /* QuartzCore.framework */,
				6437C1051D7C4C0A002D01F4 /* Security.framework */,
				6437C1061D7C4C0A002D01F4 /* StoreKit.framework */,
				6437C1071D7C4C0A002D01F4 /* SystemConfiguration.framework */,
			);
			name = Frameworks;
			sourceTree = "<group>";
		};
		64B9C89A1D6F00590061D601 = {
			isa = PBXGroup;
			children = (
				64B9C8A51D6F00590061D601 /* CookBook */,
				64B9C8AD1D6F00590061D601 /* Assets.xcassets */,
				64B9C8A41D6F00590061D601 /* Products */,
				6437C0FD1D7C4C0A002D01F4 /* Frameworks */,
			);
			sourceTree = "<group>";
		};
		64B9C8A41D6F00590061D601 /* Products */ = {
			isa = PBXGroup;
			children = (
				64B9C8A31D6F00590061D601 /* CookBook.app */,
			);
			name = Products;
			sourceTree = "<group>";
		};
		64B9C8A51D6F00590061D601 /* CookBook */ = {
			isa = PBXGroup;
			children = (
				64BC16151D814ADC000510D8 /* CookBook.entitlements */,
				2BD609AA1D783ED500EEA826 /* View Controllers */,
				F3F359EF1E6C8C480055F5DC /* Old / Unused  */,
				2BD609AB1D783EEF00EEA826 /* Navigation Bars */,
				2BD609AF1D79757200EEA826 /* Custom Files */,
				2BD609AC1D783F1D00EEA826 /* Support Files */,
			);
			path = CookBook;
			sourceTree = "<group>";
		};
		F3F359EF1E6C8C480055F5DC /* Old / Unused  */ = {
			isa = PBXGroup;
			children = (
				2BD609B21D798C1700EEA826 /* ViewRecipePrivateVC.swift */,
				64D569F51D84915F0093AE8A /* ViewRecipePublicVC.swift */,
				648AC2411D9B3039007C4F22 /* ViewRecipePublicSeg2.swift */,
				642F54D71D7CBD8A000ED2B4 /* ProfileVC.swift */,
				647A29451D7DB00100A49A6B /* GuestVC.swift */,
				64E734931D7F88D90084A59A /* EditProfileNavBarVC.swift */,
				64B9C8C41D6F5FE90061D601 /* NavBarVC.swift */,
				2BD00EAB1D72FFB700D34E65 /* NewRecipeNavBarVC.swift */,
				2BD609B41D798C5E00EEA826 /* ViewRecipeNavBarVC.swift */,
				64F9A0941D7D810F0097CF7F /* ProfileNavBarVC.swift */,
				642F54DA1D7CBDCC000ED2B4 /* ProfileHeaderView.swift */,
			);
			name = "Old / Unused ";
			sourceTree = "<group>";
		};
/* End PBXGroup section */

/* Begin PBXNativeTarget section */
		64B9C8A21D6F00590061D601 /* CookBook */ = {
			isa = PBXNativeTarget;
			buildConfigurationList = 64B9C8B51D6F00590061D601 /* Build configuration list for PBXNativeTarget "CookBook" */;
			buildPhases = (
				64B9C89F1D6F00590061D601 /* Sources */,
				64B9C8A01D6F00590061D601 /* Frameworks */,
				64B9C8A11D6F00590061D601 /* Resources */,
			);
			buildRules = (
			);
			dependencies = (
			);
			name = CookBook;
			productName = CookBook;
			productReference = 64B9C8A31D6F00590061D601 /* CookBook.app */;
			productType = "com.apple.product-type.application";
		};
/* End PBXNativeTarget section */

/* Begin PBXProject section */
		64B9C89B1D6F00590061D601 /* Project object */ = {
			isa = PBXProject;
			attributes = {
				LastSwiftUpdateCheck = 0800;
				LastUpgradeCheck = 0800;
				ORGANIZATIONNAME = "Edward Day";
				TargetAttributes = {
					64B9C8A21D6F00590061D601 = {
						CreatedOnToolsVersion = 8.0;
						DevelopmentTeam = 4EKS7X4334;
						LastSwiftMigration = 0800;
						ProvisioningStyle = Automatic;
						SystemCapabilities = {
							com.apple.Keychain = {
								enabled = 1;
							};
						};
					};
				};
			};
			buildConfigurationList = 64B9C89E1D6F00590061D601 /* Build configuration list for PBXProject "CookBook" */;
			compatibilityVersion = "Xcode 3.2";
			developmentRegion = English;
			hasScannedForEncodings = 0;
			knownRegions = (
				en,
				Base,
			);
			mainGroup = 64B9C89A1D6F00590061D601;
			productRefGroup = 64B9C8A41D6F00590061D601 /* Products */;
			projectDirPath = "";
			projectRoot = "";
			targets = (
				64B9C8A21D6F00590061D601 /* CookBook */,
			);
		};
/* End PBXProject section */

/* Begin PBXResourcesBuildPhase section */
		64B9C8A11D6F00590061D601 /* Resources */ = {
			isa = PBXResourcesBuildPhase;
			buildActionMask = 2147483647;
			files = (
				64B9C8BB1D6F07BB0061D601 /* AppleGothic.ttf in Resources */,
				64B9C8B91D6F05050061D601 /* AdobeGothicStd-Bold.otf in Resources */,
				F315E5D71E26B9EB00A67927 /* ionicons.ttf in Resources */,
				2BD609D71D7B026C00EEA826 /* LucidaGrande.ttc in Resources */,
				64F3C9E31D86C93600ABBDBF /* FontAwesome.otf in Resources */,
				64B9C8B11D6F00590061D601 /* LaunchScreen.storyboard in Resources */,
				64B9C8AE1D6F00590061D601 /* Assets.xcassets in Resources */,
				64B9C8AC1D6F00590061D601 /* Main.storyboard in Resources */,
			);
			runOnlyForDeploymentPostprocessing = 0;
		};
/* End PBXResourcesBuildPhase section */

/* Begin PBXSourcesBuildPhase section */
		64B9C89F1D6F00590061D601 /* Sources */ = {
			isa = PBXSourcesBuildPhase;
			buildActionMask = 2147483647;
			files = (
				64B9C8C51D6F5FE90061D601 /* NavBarVC.swift in Sources */,
				64B9C8A91D6F00590061D601 /* LoginVC.swift in Sources */,
				F375C7821E20FBC7008884B2 /* NewProfileHeaderView.swift in Sources */,
				642F54D81D7CBD8A000ED2B4 /* ProfileVC.swift in Sources */,
				64F9A0911D7D786E0097CF7F /* FollowersVC.swift in Sources */,
				64B9C8BF1D6F56510061D601 /* RecipeHomeVC.swift in Sources */,
				64BC16171D821B97000510D8 /* RecipeFeedVC.swift in Sources */,
				64FB2E801D70C1A2004647F5 /* MyCellTableViewCell.swift in Sources */,
				64B9C8A71D6F00590061D601 /* AppDelegate.swift in Sources */,
				64E734941D7F88D90084A59A /* EditProfileNavBarVC.swift in Sources */,
				2B6961411D71D9F9009C52CD /* NewRecipeVC.swift in Sources */,
				2BD00EAC1D72FFB700D34E65 /* NewRecipeNavBarVC.swift in Sources */,
				64E734961D7F89400084A59A /* EditProfileVC.swift in Sources */,
				F375C7C21E2290D8008884B2 /* TabBar.swift in Sources */,
				647A29461D7DB00100A49A6B /* GuestVC.swift in Sources */,
				64672EED1D7B829F000D0762 /* SignUpVC.swift in Sources */,
				2BD609DB1D7B055C00EEA826 /* ResetPassVC.swift in Sources */,
				F315E5D91E26CAB400A67927 /* NewViewRecipeVC.swift in Sources */,
				642F54DD1D7CE225000ED2B4 /* pictureCell.swift in Sources */,
				F3F359EE1E6C72250055F5DC /* NewGuestHeaderView.swift in Sources */,
				648AC2421D9B3039007C4F22 /* ViewRecipePublicSeg2.swift in Sources */,
				2BD609A91D783EBC00EEA826 /* Recipe.swift in Sources */,
				2BD609B51D798C5E00EEA826 /* ViewRecipeNavBarVC.swift in Sources */,
				F34489B41E732A9C00B1D425 /* ReviewCell.swift in Sources */,
				F3F359EC1E6C6C8C0055F5DC /* NewGuestVC.swift in Sources */,
				2BD609B31D798C1700EEA826 /* ViewRecipePrivateVC.swift in Sources */,
				64F9A0931D7D78820097CF7F /* FollowersCell.swift in Sources */,
				2BD609AE1D79743200EEA826 /* NoPasteTextField.swift in Sources */,
				642F54DB1D7CBDCC000ED2B4 /* ProfileHeaderView.swift in Sources */,
				F375C7841E20FBEB008884B2 /* NewProfileVC.swift in Sources */,
				F375C7861E21B87B008884B2 /* NavigationViewController.swift in Sources */,
				64D569F61D84915F0093AE8A /* ViewRecipePublicVC.swift in Sources */,
				F315E5D51E261F5400A67927 /* RatingControl.swift in Sources */,
				64F9A0951D7D810F0097CF7F /* ProfileNavBarVC.swift in Sources */,
			);
			runOnlyForDeploymentPostprocessing = 0;
		};
/* End PBXSourcesBuildPhase section */

/* Begin PBXVariantGroup section */
		64B9C8AA1D6F00590061D601 /* Main.storyboard */ = {
			isa = PBXVariantGroup;
			children = (
				64B9C8AB1D6F00590061D601 /* Base */,
			);
			name = Main.storyboard;
			sourceTree = "<group>";
		};
		64B9C8AF1D6F00590061D601 /* LaunchScreen.storyboard */ = {
			isa = PBXVariantGroup;
			children = (
				64B9C8B01D6F00590061D601 /* Base */,
			);
			name = LaunchScreen.storyboard;
			sourceTree = "<group>";
		};
/* End PBXVariantGroup section */

/* Begin XCBuildConfiguration section */
		64B9C8B31D6F00590061D601 /* Debug */ = {
			isa = XCBuildConfiguration;
			buildSettings = {
				ALWAYS_SEARCH_USER_PATHS = NO;
				CLANG_ANALYZER_NONNULL = YES;
				CLANG_CXX_LANGUAGE_STANDARD = "gnu++0x";
				CLANG_CXX_LIBRARY = "libc++";
				CLANG_ENABLE_MODULES = YES;
				CLANG_ENABLE_OBJC_ARC = YES;
				CLANG_WARN_BOOL_CONVERSION = YES;
				CLANG_WARN_CONSTANT_CONVERSION = YES;
				CLANG_WARN_DIRECT_OBJC_ISA_USAGE = YES_ERROR;
				CLANG_WARN_DOCUMENTATION_COMMENTS = YES;
				CLANG_WARN_EMPTY_BODY = YES;
				CLANG_WARN_ENUM_CONVERSION = YES;
				CLANG_WARN_INFINITE_RECURSION = YES;
				CLANG_WARN_INT_CONVERSION = YES;
				CLANG_WARN_OBJC_ROOT_CLASS = YES_ERROR;
				CLANG_WARN_SUSPICIOUS_MOVE = YES;
				CLANG_WARN_SUSPICIOUS_MOVES = YES;
				CLANG_WARN_UNREACHABLE_CODE = YES;
				CLANG_WARN__DUPLICATE_METHOD_MATCH = YES;
				"CODE_SIGN_IDENTITY[sdk=iphoneos*]" = "iPhone Developer";
				COPY_PHASE_STRIP = NO;
				DEBUG_INFORMATION_FORMAT = dwarf;
				ENABLE_STRICT_OBJC_MSGSEND = YES;
				ENABLE_TESTABILITY = YES;
				GCC_C_LANGUAGE_STANDARD = gnu99;
				GCC_DYNAMIC_NO_PIC = NO;
				GCC_NO_COMMON_BLOCKS = YES;
				GCC_OPTIMIZATION_LEVEL = 0;
				GCC_PREPROCESSOR_DEFINITIONS = (
					"DEBUG=1",
					"$(inherited)",
				);
				GCC_WARN_64_TO_32_BIT_CONVERSION = YES;
				GCC_WARN_ABOUT_RETURN_TYPE = YES_ERROR;
				GCC_WARN_UNDECLARED_SELECTOR = YES;
				GCC_WARN_UNINITIALIZED_AUTOS = YES_AGGRESSIVE;
				GCC_WARN_UNUSED_FUNCTION = YES;
				GCC_WARN_UNUSED_VARIABLE = YES;
				IPHONEOS_DEPLOYMENT_TARGET = 10.0;
				MTL_ENABLE_DEBUG_INFO = YES;
				ONLY_ACTIVE_ARCH = YES;
				SDKROOT = iphoneos;
				SWIFT_ACTIVE_COMPILATION_CONDITIONS = DEBUG;
				SWIFT_OPTIMIZATION_LEVEL = "-Onone";
				TARGETED_DEVICE_FAMILY = "1,2";
			};
			name = Debug;
		};
		64B9C8B41D6F00590061D601 /* Release */ = {
			isa = XCBuildConfiguration;
			buildSettings = {
				ALWAYS_SEARCH_USER_PATHS = NO;
				CLANG_ANALYZER_NONNULL = YES;
				CLANG_CXX_LANGUAGE_STANDARD = "gnu++0x";
				CLANG_CXX_LIBRARY = "libc++";
				CLANG_ENABLE_MODULES = YES;
				CLANG_ENABLE_OBJC_ARC = YES;
				CLANG_WARN_BOOL_CONVERSION = YES;
				CLANG_WARN_CONSTANT_CONVERSION = YES;
				CLANG_WARN_DIRECT_OBJC_ISA_USAGE = YES_ERROR;
				CLANG_WARN_DOCUMENTATION_COMMENTS = YES;
				CLANG_WARN_EMPTY_BODY = YES;
				CLANG_WARN_ENUM_CONVERSION = YES;
				CLANG_WARN_INFINITE_RECURSION = YES;
				CLANG_WARN_INT_CONVERSION = YES;
				CLANG_WARN_OBJC_ROOT_CLASS = YES_ERROR;
				CLANG_WARN_SUSPICIOUS_MOVE = YES;
				CLANG_WARN_SUSPICIOUS_MOVES = YES;
				CLANG_WARN_UNREACHABLE_CODE = YES;
				CLANG_WARN__DUPLICATE_METHOD_MATCH = YES;
				"CODE_SIGN_IDENTITY[sdk=iphoneos*]" = "iPhone Developer";
				COPY_PHASE_STRIP = NO;
				DEBUG_INFORMATION_FORMAT = "dwarf-with-dsym";
				ENABLE_NS_ASSERTIONS = NO;
				ENABLE_STRICT_OBJC_MSGSEND = YES;
				GCC_C_LANGUAGE_STANDARD = gnu99;
				GCC_NO_COMMON_BLOCKS = YES;
				GCC_WARN_64_TO_32_BIT_CONVERSION = YES;
				GCC_WARN_ABOUT_RETURN_TYPE = YES_ERROR;
				GCC_WARN_UNDECLARED_SELECTOR = YES;
				GCC_WARN_UNINITIALIZED_AUTOS = YES_AGGRESSIVE;
				GCC_WARN_UNUSED_FUNCTION = YES;
				GCC_WARN_UNUSED_VARIABLE = YES;
				IPHONEOS_DEPLOYMENT_TARGET = 10.0;
				MTL_ENABLE_DEBUG_INFO = NO;
				SDKROOT = iphoneos;
				SWIFT_OPTIMIZATION_LEVEL = "-Owholemodule";
				TARGETED_DEVICE_FAMILY = "1,2";
				VALIDATE_PRODUCT = YES;
			};
			name = Release;
		};
		64B9C8B61D6F00590061D601 /* Debug */ = {
			isa = XCBuildConfiguration;
			buildSettings = {
				ALWAYS_EMBED_SWIFT_STANDARD_LIBRARIES = YES;
				ASSETCATALOG_COMPILER_APPICON_NAME = AppIcon;
				CLANG_ENABLE_MODULES = YES;
				CODE_SIGN_ENTITLEMENTS = CookBook/CookBook.entitlements;
				"CODE_SIGN_IDENTITY[sdk=iphoneos*]" = "iPhone Developer";
				DEVELOPMENT_TEAM = 4EKS7X4334;
				FRAMEWORK_SEARCH_PATHS = (
					"$(inherited)",
					"$(PROJECT_DIR)",
				);
				INFOPLIST_FILE = CookBook/Info.plist;
				IPHONEOS_DEPLOYMENT_TARGET = 10.0;
				LD_RUNPATH_SEARCH_PATHS = "$(inherited) @executable_path/Frameworks";
				PRODUCT_BUNDLE_IDENTIFIER = com.EdwardDay.CookBookApp;
				PRODUCT_NAME = "$(TARGET_NAME)";
				PROVISIONING_PROFILE = "";
				PROVISIONING_PROFILE_SPECIFIER = "";
				SWIFT_OPTIMIZATION_LEVEL = "-Onone";
				SWIFT_VERSION = 3.0;
				TARGETED_DEVICE_FAMILY = "1,2";
			};
			name = Debug;
		};
		64B9C8B71D6F00590061D601 /* Release */ = {
			isa = XCBuildConfiguration;
			buildSettings = {
				ALWAYS_EMBED_SWIFT_STANDARD_LIBRARIES = YES;
				ASSETCATALOG_COMPILER_APPICON_NAME = AppIcon;
				CLANG_ENABLE_MODULES = YES;
				CODE_SIGN_ENTITLEMENTS = CookBook/CookBook.entitlements;
				"CODE_SIGN_IDENTITY[sdk=iphoneos*]" = "iPhone Developer";
				DEVELOPMENT_TEAM = 4EKS7X4334;
				FRAMEWORK_SEARCH_PATHS = (
					"$(inherited)",
					"$(PROJECT_DIR)",
				);
				INFOPLIST_FILE = CookBook/Info.plist;
				IPHONEOS_DEPLOYMENT_TARGET = 10.0;
				LD_RUNPATH_SEARCH_PATHS = "$(inherited) @executable_path/Frameworks";
				PRODUCT_BUNDLE_IDENTIFIER = com.EdwardDay.CookBookApp;
				PRODUCT_NAME = "$(TARGET_NAME)";
				SWIFT_VERSION = 3.0;
				TARGETED_DEVICE_FAMILY = "1,2";
			};
			name = Release;
		};
/* End XCBuildConfiguration section */

/* Begin XCConfigurationList section */
		64B9C89E1D6F00590061D601 /* Build configuration list for PBXProject "CookBook" */ = {
			isa = XCConfigurationList;
			buildConfigurations = (
				64B9C8B31D6F00590061D601 /* Debug */,
				64B9C8B41D6F00590061D601 /* Release */,
			);
			defaultConfigurationIsVisible = 0;
			defaultConfigurationName = Release;
		};
		64B9C8B51D6F00590061D601 /* Build configuration list for PBXNativeTarget "CookBook" */ = {
			isa = XCConfigurationList;
			buildConfigurations = (
				64B9C8B61D6F00590061D601 /* Debug */,
				64B9C8B71D6F00590061D601 /* Release */,
			);
			defaultConfigurationIsVisible = 0;
			defaultConfigurationName = Release;
		};
/* End XCConfigurationList section */
	};
	rootObject = 64B9C89B1D6F00590061D601 /* Project object */;
}
